
Microsoft Visual Studio Solution File, Format Version 12.00
# Visual Studio Version 16
VisualStudioVersion = 16.0.32228.343
MinimumVisualStudioVersion = 10.0.40219.1
Project("{FAE04EC0-301F-11D3-BF4B-00C04F79EFBC}") = "GameCollectionApp", "GameCollectionApp\GameCollectionApp.csproj", "{039580A1-068D-4521-B0EC-A707B590D380}"
EndProject
Global
	GlobalSection(SolutionConfigurationPlatforms) = preSolution
		Debug|Any CPU = Debug|Any CPU
		Release|Any CPU = Release|Any CPU
	EndGlobalSection
	GlobalSection(ProjectConfigurationPlatforms) = postSolution
		{039580A1-068D-4521-B0EC-A707B590D380}.Debug|Any CPU.ActiveCfg = Debug|Any CPU
		{039580A1-068D-4521-B0EC-A707B590D380}.Debug|Any CPU.Build.0 = Debug|Any CPU
		{039580A1-068D-4521-B0EC-A707B590D380}.Release|Any CPU.ActiveCfg = Release|Any CPU
		{039580A1-068D-4521-B0EC-A707B590D380}.Release|Any CPU.Build.0 = Release|Any CPU
	EndGlobalSection
	GlobalSection(SolutionProperties) = preSolution
		HideSolutionNode = FALSE
	EndGlobalSection
	GlobalSection(ExtensibilityGlobals) = postSolution
		SolutionGuid = {3ED20170-2014-42F4-B6A5-3D019E35544A}
	EndGlobalSection
EndGlobal
